
Microsoft Visual Studio Solution File, Format Version 12.00
# Visual Studio 15
VisualStudioVersion = 15.0.26403.7
MinimumVisualStudioVersion = 10.0.40219.1
Project("{8BC9CEB8-8B4A-11D0-8D11-00A0C91BC942}") = "SimpleEchoServer", "SimpleEchoServer.vcxproj", "{0BE398A0-E58A-4824-B9C3-A7C21239518A}"
EndProject
Project("{8BC9CEB8-8B4A-11D0-8D11-00A0C91BC942}") = "06-MyServerLib", "..\myserverlib\MyServerLib.vcxproj", "{0DB1DF80-F48C-4519-9051-4B375D9B9204}"
EndProject
Global
	GlobalSection(SolutionConfigurationPlatforms) = preSolution
		Debug_Japan|x64 = Debug_Japan|x64
		Debug_Japan|x86 = Debug_Japan|x86
		Debug|x64 = Debug|x64
		Debug|x86 = Debug|x86
		Release_China_01|x64 = Release_China_01|x64
		Release_China_01|x86 = Release_China_01|x86
		Release_Japan|x64 = Release_Japan|x64
		Release_Japan|x86 = Release_Japan|x86
		Release_KorCommon|x64 = Release_KorCommon|x64
		Release_KorCommon|x86 = Release_KorCommon|x86
		Release|x64 = Release|x64
		Release|x86 = Release|x86
	EndGlobalSection
	GlobalSection(ProjectConfigurationPlatforms) = postSolution
		{0BE398A0-E58A-4824-B9C3-A7C21239518A}.Debug_Japan|x64.ActiveCfg = Debug|x64
		{0BE398A0-E58A-4824-B9C3-A7C21239518A}.Debug_Japan|x64.Build.0 = Debug|x64
		{0BE398A0-E58A-4824-B9C3-A7C21239518A}.Debug_Japan|x86.ActiveCfg = Debug|Win32
		{0BE398A0-E58A-4824-B9C3-A7C21239518A}.Debug_Japan|x86.Build.0 = Debug|Win32
		{0BE398A0-E58A-4824-B9C3-A7C21239518A}.Debug|x64.ActiveCfg = Debug|x64
		{0BE398A0-E58A-4824-B9C3-A7C21239518A}.Debug|x64.Build.0 = Debug|x64
		{0BE398A0-E58A-4824-B9C3-A7C21239518A}.Debug|x86.ActiveCfg = Debug|Win32
		{0BE398A0-E58A-4824-B9C3-A7C21239518A}.Debug|x86.Build.0 = Debug|Win32
		{0BE398A0-E58A-4824-B9C3-A7C21239518A}.Release_China_01|x64.ActiveCfg = Release|x64
		{0BE398A0-E58A-4824-B9C3-A7C21239518A}.Release_China_01|x64.Build.0 = Release|x64
		{0BE398A0-E58A-4824-B9C3-A7C21239518A}.Release_China_01|x86.ActiveCfg = Release|Win32
		{0BE398A0-E58A-4824-B9C3-A7C21239518A}.Release_China_01|x86.Build.0 = Release|Win32
		{0BE398A0-E58A-4824-B9C3-A7C21239518A}.Release_Japan|x64.ActiveCfg = Release|x64
		{0BE398A0-E58A-4824-B9C3-A7C21239518A}.Release_Japan|x64.Build.0 = Release|x64
		{0BE398A0-E58A-4824-B9C3-A7C21239518A}.Release_Japan|x86.ActiveCfg = Release|Win32
		{0BE398A0-E58A-4824-B9C3-A7C21239518A}.Release_Japan|x86.Build.0 = Release|Win32
		{0BE398A0-E58A-4824-B9C3-A7C21239518A}.Release_KorCommon|x64.ActiveCfg = Release|x64
		{0BE398A0-E58A-4824-B9C3-A7C21239518A}.Release_KorCommon|x64.Build.0 = Release|x64
		{0BE398A0-E58A-4824-B9C3-A7C21239518A}.Release_KorCommon|x86.ActiveCfg = Release|Win32
		{0BE398A0-E58A-4824-B9C3-A7C21239518A}.Release_KorCommon|x86.Build.0 = Release|Win32
		{0BE398A0-E58A-4824-B9C3-A7C21239518A}.Release|x64.ActiveCfg = Release|x64
		{0BE398A0-E58A-4824-B9C3-A7C21239518A}.Release|x64.Build.0 = Release|x64
		{0BE398A0-E58A-4824-B9C3-A7C21239518A}.Release|x86.ActiveCfg = Release|Win32
		{0BE398A0-E58A-4824-B9C3-A7C21239518A}.Release|x86.Build.0 = Release|Win32
		{0DB1DF80-F48C-4519-9051-4B375D9B9204}.Debug_Japan|x64.ActiveCfg = Debug_Japan|x64
		{0DB1DF80-F48C-4519-9051-4B375D9B9204}.Debug_Japan|x64.Build.0 = Debug_Japan|x64
		{0DB1DF80-F48C-4519-9051-4B375D9B9204}.Debug_Japan|x86.ActiveCfg = Debug_Japan|Win32
		{0DB1DF80-F48C-4519-9051-4B375D9B9204}.Debug_Japan|x86.Build.0 = Debug_Japan|Win32
		{0DB1DF80-F48C-4519-9051-4B375D9B9204}.Debug|x64.ActiveCfg = Debug|x64
		{0DB1DF80-F48C-4519-9051-4B375D9B9204}.Debug|x64.Build.0 = Debug|x64
		{0DB1DF80-F48C-4519-9051-4B375D9B9204}.Debug|x86.ActiveCfg = Debug|Win32
		{0DB1DF80-F48C-4519-9051-4B375D9B9204}.Debug|x86.Build.0 = Debug|Win32
		{0DB1DF80-F48C-4519-9051-4B375D9B9204}.Release_China_01|x64.ActiveCfg = Release_China_01|x64
		{0DB1DF80-F48C-4519-9051-4B375D9B9204}.Release_China_01|x64.Build.0 = Release_China_01|x64
		{0DB1DF80-F48C-4519-9051-4B375D9B9204}.Release_China_01|x86.ActiveCfg = Release_China_01|Win32
		{0DB1DF80-F48C-4519-9051-4B375D9B9204}.Release_China_01|x86.Build.0 = Release_China_01|Win32
		{0DB1DF80-F48C-4519-9051-4B375D9B9204}.Release_Japan|x64.ActiveCfg = Release_Japan|x64
		{0DB1DF80-F48C-4519-9051-4B375D9B9204}.Release_Japan|x64.Build.0 = Release_Japan|x64
		{0DB1DF80-F48C-4519-9051-4B375D9B9204}.Release_Japan|x86.ActiveCfg = Release_Japan|Win32
		{0DB1DF80-F48C-4519-9051-4B375D9B9204}.Release_Japan|x86.Build.0 = Release_Japan|Win32
		{0DB1DF80-F48C-4519-9051-4B375D9B9204}.Release_KorCommon|x64.ActiveCfg = Release_KorCommon|x64
		{0DB1DF80-F48C-4519-9051-4B375D9B9204}.Release_KorCommon|x64.Build.0 = Release_KorCommon|x64
		{0DB1DF80-F48C-4519-9051-4B375D9B9204}.Release_KorCommon|x86.ActiveCfg = Release_KorCommon|Win32
		{0DB1DF80-F48C-4519-9051-4B375D9B9204}.Release_KorCommon|x86.Build.0 = Release_KorCommon|Win32
		{0DB1DF80-F48C-4519-9051-4B375D9B9204}.Release|x64.ActiveCfg = Release|x64
		{0DB1DF80-F48C-4519-9051-4B375D9B9204}.Release|x64.Build.0 = Release|x64
		{0DB1DF80-F48C-4519-9051-4B375D9B9204}.Release|x86.ActiveCfg = Release|Win32
		{0DB1DF80-F48C-4519-9051-4B375D9B9204}.Release|x86.Build.0 = Release|Win32
	EndGlobalSection
	GlobalSection(SolutionProperties) = preSolution
		HideSolutionNode = FALSE
	EndGlobalSection
EndGlobal
